
Microsoft Visual Studio Solution File, Format Version 12.00
# Visual Studio 15
VisualStudioVersion = 15.0.28010.2003
MinimumVisualStudioVersion = 10.0.40219.1
Project("{9A19103F-16F7-4668-BE54-9A1E7A4F7556}") = "ClinkedIn-BigBoi", "ClinkedIn-BigBoi.csproj", "{7208AB25-2909-42B0-B677-9F77FB574B52}"
EndProject
Global
	GlobalSection(SolutionConfigurationPlatforms) = preSolution
		Debug|Any CPU = Debug|Any CPU
		Release|Any CPU = Release|Any CPU
	EndGlobalSection
	GlobalSection(ProjectConfigurationPlatforms) = postSolution
		{7208AB25-2909-42B0-B677-9F77FB574B52}.Debug|Any CPU.ActiveCfg = Debug|Any CPU
		{7208AB25-2909-42B0-B677-9F77FB574B52}.Debug|Any CPU.Build.0 = Debug|Any CPU
		{7208AB25-2909-42B0-B677-9F77FB574B52}.Release|Any CPU.ActiveCfg = Release|Any CPU
		{7208AB25-2909-42B0-B677-9F77FB574B52}.Release|Any CPU.Build.0 = Release|Any CPU
	EndGlobalSection
	GlobalSection(SolutionProperties) = preSolution
		HideSolutionNode = FALSE
	EndGlobalSection
	GlobalSection(ExtensibilityGlobals) = postSolution
		SolutionGuid = {B74D2D63-F33F-4426-A586-339A425EA93C}
	EndGlobalSection
EndGlobal
